<?xml version="1.0" encoding="utf-8"?>
<Project ToolsVersion="4.0" xmlns="http://schemas.microsoft.com/developer/msbuild/2003">
  <ItemGroup>
    <Filter Include="Source Files">
      <UniqueIdentifier>{4FC737F1-C7A5-4376-A066-2A32D752A2FF}</UniqueIdentifier>
      <Extensions>cpp;c;cc;cxx;def;odl;idl;hpj;bat;asm;asmx</Extensions>
    </Filter>
    <Filter Include="Header Files">
      <UniqueIdentifier>{93995380-89BD-4b04-88EB-625FBE52EBFB}</UniqueIdentifier>
      <Extensions>h;hh;hpp;hxx;hm;inl;inc;xsd</Extensions>
    </Filter>
    <Filter Include="Resource Files">
      <UniqueIdentifier>{67DA6AB6-F800-4c08-8B7A-83BB121AAD01}</UniqueIdentifier>
      <Extensions>rc;ico;cur;bmp;dlg;rc2;rct;bin;rgs;gif;jpg;jpeg;jpe;resx;tiff;tif;png;wav;mfcribbon-ms</Extensions>
    </Filter>
    <Filter Include="Resource Files\Enemies">
      <UniqueIdentifier>{1d72eed6-3007-4a4a-82f0-223ac4fa95c2}</UniqueIdentifier>
    </Filter>
    <Filter Include="Resource Files\Samus_movement">
      <UniqueIdentifier>{27afc3c4-9737-4c83-a815-3b6dfa6edb5d}</UniqueIdentifier>
    </Filter>
    <Filter Include="Resource Files\Audio">
      <UniqueIdentifier>{d5f04c32-f5c6-43d1-aeb0-ebcd391dbd78}</UniqueIdentifier>
    </Filter>
    <Filter Include="DXUT">
      <UniqueIdentifier>{0b2fef67-d1ef-4951-b6ec-6e1bd40b75eb}</UniqueIdentifier>
    </Filter>
    <Filter Include="Header Files\Scene">
      <UniqueIdentifier>{72629a1f-c52d-4be7-9121-4d7796d63b5d}</UniqueIdentifier>
    </Filter>
    <Filter Include="Source Files\Scene">
      <UniqueIdentifier>{e9bffbd3-643d-4a4b-9b35-b5c040881395}</UniqueIdentifier>
    </Filter>
    <Filter Include="Source Files\FrameWork">
      <UniqueIdentifier>{ab4f8b06-4069-4626-b51b-1dceff8779c6}</UniqueIdentifier>
    </Filter>
    <Filter Include="Header Files\FrameWork">
      <UniqueIdentifier>{0f4325cf-c4c3-47fe-b36d-c16ae952e027}</UniqueIdentifier>
    </Filter>
    <Filter Include="Resource Files\Map">
      <UniqueIdentifier>{65c214cb-ec18-49d0-be53-2e8e2386c52e}</UniqueIdentifier>
    </Filter>
    <Filter Include="Header Files\Object">
      <UniqueIdentifier>{c5def516-ae72-4aed-a2b1-48f3777ab7e1}</UniqueIdentifier>
    </Filter>
    <Filter Include="Source Files\Object">
      <UniqueIdentifier>{d2535c31-b2a0-437c-8e8c-6c817bc49af3}</UniqueIdentifier>
    </Filter>
    <Filter Include="Header Files\Map">
      <UniqueIdentifier>{1fc9c533-fff7-4764-b653-fdce28bb0c36}</UniqueIdentifier>
    </Filter>
    <Filter Include="Source Files\Map">
      <UniqueIdentifier>{5b28efe2-be2f-4ce8-8442-08e34987de15}</UniqueIdentifier>
    </Filter>
    <Filter Include="Resource Files\Quadtree">
      <UniqueIdentifier>{57d14630-c79f-4faf-b446-144347b464e8}</UniqueIdentifier>
    </Filter>
    <Filter Include="Resource Files\Scene_Stuff">
      <UniqueIdentifier>{a0152101-3303-46a6-a63a-f844cb45bb9c}</UniqueIdentifier>
    </Filter>
    <Filter Include="Header Files\Tile Map">
      <UniqueIdentifier>{979d3096-e5f3-4453-b3bb-b80094ef2829}</UniqueIdentifier>
    </Filter>
    <Filter Include="Source Files\Tile Map">
      <UniqueIdentifier>{c8947efc-f47c-4295-aef8-8f2391b4e744}</UniqueIdentifier>
    </Filter>
  </ItemGroup>
  <ItemGroup>
    <ClCompile Include="WinMain.cpp">
      <Filter>Source Files</Filter>
    </ClCompile>
    <ClCompile Include="Sprite.cpp">
      <Filter>Source Files</Filter>
    </ClCompile>
    <ClCompile Include="Camera.cpp">
      <Filter>Source Files</Filter>
    </ClCompile>
    <ClCompile Include="Timer.cpp">
      <Filter>Source Files</Filter>
    </ClCompile>
    <ClCompile Include="Sound.cpp">
      <Filter>Source Files</Filter>
    </ClCompile>
    <ClCompile Include="SDKsound.cpp">
      <Filter>DXUT</Filter>
    </ClCompile>
    <ClCompile Include="SDKwavefile.cpp">
      <Filter>DXUT</Filter>
    </ClCompile>
    <ClCompile Include="DXUT.cpp">
      <Filter>DXUT</Filter>
    </ClCompile>
    <ClCompile Include="DXUTenum.cpp">
      <Filter>DXUT</Filter>
    </ClCompile>
    <ClCompile Include="DXUTmisc.cpp">
      <Filter>DXUT</Filter>
    </ClCompile>
    <ClCompile Include="World.cpp">
      <Filter>Source Files</Filter>
    </ClCompile>
    <ClCompile Include="Collider.cpp">
      <Filter>Source Files</Filter>
    </ClCompile>
    <ClCompile Include="Metroid.cpp">
      <Filter>Source Files\Scene</Filter>
    </ClCompile>
    <ClCompile Include="StartScene.cpp">
      <Filter>Source Files\Scene</Filter>
    </ClCompile>
    <ClCompile Include="TextSprite.cpp">
      <Filter>Source Files</Filter>
    </ClCompile>
    <ClCompile Include="SceneManager.cpp">
      <Filter>Source Files\Scene</Filter>
    </ClCompile>
    <ClCompile Include="Scene.cpp">
      <Filter>Source Files\Scene</Filter>
    </ClCompile>
    <ClCompile Include="DeviceManager.cpp">
      <Filter>Source Files\FrameWork</Filter>
    </ClCompile>
    <ClCompile Include="DXGraphics.cpp">
      <Filter>Source Files\FrameWork</Filter>
    </ClCompile>
    <ClCompile Include="Input.cpp">
      <Filter>Source Files\FrameWork</Filter>
    </ClCompile>
    <ClCompile Include="Game.cpp">
      <Filter>Source Files\FrameWork</Filter>
    </ClCompile>
    <ClCompile Include="bullet.cpp">
      <Filter>Source Files\Object</Filter>
    </ClCompile>
    <ClCompile Include="Enemy.cpp">
      <Filter>Source Files\Object</Filter>
    </ClCompile>
    <ClCompile Include="FlyingBat.cpp">
      <Filter>Source Files\Object</Filter>
    </ClCompile>
    <ClCompile Include="GameObject.cpp">
      <Filter>Source Files\Object</Filter>
    </ClCompile>
    <ClCompile Include="SpiderBug.cpp">
      <Filter>Source Files\Object</Filter>
    </ClCompile>
    <ClCompile Include="Samus.cpp">
      <Filter>Source Files\Object</Filter>
    </ClCompile>
    <ClCompile Include="Ground_Rock.cpp">
      <Filter>Source Files\Object</Filter>
    </ClCompile>
    <ClCompile Include="GroupObject.cpp">
      <Filter>Source Files\Object</Filter>
    </ClCompile>
    <ClCompile Include="Manager.cpp">
      <Filter>Source Files\Object</Filter>
    </ClCompile>
    <ClCompile Include="QNode.cpp">
      <Filter>Source Files\Map</Filter>
    </ClCompile>
    <ClCompile Include="QTreeObject.cpp">
      <Filter>Source Files\Map</Filter>
    </ClCompile>
    <ClCompile Include="QuadTree.cpp">
      <Filter>Source Files\Map</Filter>
    </ClCompile>
    <ClCompile Include="Tile.cpp">
      <Filter>Source Files\Tile Map</Filter>
    </ClCompile>
    <ClCompile Include="TileSet.cpp">
      <Filter>Source Files\Tile Map</Filter>
    </ClCompile>
    <ClCompile Include="TileMap.cpp">
      <Filter>Source Files\Tile Map</Filter>
    </ClCompile>
  </ItemGroup>
  <ItemGroup>
    <Image Include="Samus_movement\samus_sprites.png">
      <Filter>Resource Files\Samus_movement</Filter>
    </Image>
    <Image Include="font.png">
      <Filter>Resource Files\Scene_Stuff</Filter>
    </Image>
    <Image Include="intro.png">
      <Filter>Resource Files\Scene_Stuff</Filter>
    </Image>
    <Image Include="bullet.png">
      <Filter>Resource Files\Scene_Stuff</Filter>
    </Image>
    <Image Include="Enemies_metroid.png">
      <Filter>Resource Files\Enemies</Filter>
    </Image>
    <Image Include="metroid_explode.png">
      <Filter>Resource Files\Enemies</Filter>
    </Image>
    <Image Include="Map\map.png">
      <Filter>Resource Files\Map</Filter>
    </Image>
    <Image Include="Map\map_demo.png">
      <Filter>Resource Files\Map</Filter>
    </Image>
  </ItemGroup>
  <ItemGroup>
    <ClInclude Include="Sprite.h">
      <Filter>Header Files</Filter>
    </ClInclude>
    <ClInclude Include="Camera.h">
      <Filter>Header Files</Filter>
    </ClInclude>
    <ClInclude Include="Define.h">
      <Filter>Header Files</Filter>
    </ClInclude>
    <ClInclude Include="Timer.h">
      <Filter>Header Files</Filter>
    </ClInclude>
    <ClInclude Include="Sound.h">
      <Filter>Header Files</Filter>
    </ClInclude>
    <ClInclude Include="SDKsound.h">
      <Filter>DXUT</Filter>
    </ClInclude>
    <ClInclude Include="SDKwavefile.h">
      <Filter>DXUT</Filter>
    </ClInclude>
    <ClInclude Include="DXUT.h">
      <Filter>DXUT</Filter>
    </ClInclude>
    <ClInclude Include="DXUTenum.h">
      <Filter>DXUT</Filter>
    </ClInclude>
    <ClInclude Include="DXUTmisc.h">
      <Filter>DXUT</Filter>
    </ClInclude>
    <ClInclude Include="World.h">
      <Filter>Header Files</Filter>
    </ClInclude>
    <ClInclude Include="Collider.h">
      <Filter>Header Files</Filter>
    </ClInclude>
    <ClInclude Include="Metroid.h">
      <Filter>Header Files\Scene</Filter>
    </ClInclude>
    <ClInclude Include="StartScene.h">
      <Filter>Header Files\Scene</Filter>
    </ClInclude>
    <ClInclude Include="TextSprite.h">
      <Filter>Header Files</Filter>
    </ClInclude>
    <ClInclude Include="SceneManager.h">
      <Filter>Header Files\Scene</Filter>
    </ClInclude>
    <ClInclude Include="Scene.h">
      <Filter>Header Files\Scene</Filter>
    </ClInclude>
    <ClInclude Include="DeviceManager.h">
      <Filter>Header Files\FrameWork</Filter>
    </ClInclude>
    <ClInclude Include="DXGraphics.h">
      <Filter>Header Files\FrameWork</Filter>
    </ClInclude>
    <ClInclude Include="Input.h">
      <Filter>Header Files\FrameWork</Filter>
    </ClInclude>
    <ClInclude Include="Game.h">
      <Filter>Header Files\FrameWork</Filter>
    </ClInclude>
    <ClInclude Include="bullet.h">
      <Filter>Header Files\Object</Filter>
    </ClInclude>
    <ClInclude Include="GameObject.h">
      <Filter>Header Files\Object</Filter>
    </ClInclude>
    <ClInclude Include="Enemy.h">
      <Filter>Header Files\Object</Filter>
    </ClInclude>
    <ClInclude Include="FlyingBat.h">
      <Filter>Header Files\Object</Filter>
    </ClInclude>
    <ClInclude Include="GroupObject.h">
      <Filter>Header Files\Object</Filter>
    </ClInclude>
    <ClInclude Include="Ground_Rock.h">
      <Filter>Header Files\Object</Filter>
    </ClInclude>
    <ClInclude Include="Samus.h">
      <Filter>Header Files\Object</Filter>
    </ClInclude>
    <ClInclude Include="SpiderBug.h">
      <Filter>Header Files\Object</Filter>
    </ClInclude>
    <ClInclude Include="Manager.h">
      <Filter>Header Files\Object</Filter>
    </ClInclude>
    <ClInclude Include="QNode.h">
      <Filter>Header Files\Map</Filter>
    </ClInclude>
    <ClInclude Include="QTreeObject.h">
      <Filter>Header Files\Map</Filter>
    </ClInclude>
    <ClInclude Include="QuadTree.h">
      <Filter>Header Files\Map</Filter>
    </ClInclude>
    <ClInclude Include="Tile.h">
      <Filter>Header Files\Tile Map</Filter>
    </ClInclude>
    <ClInclude Include="TileMap.h">
      <Filter>Header Files\Tile Map</Filter>
    </ClInclude>
    <ClInclude Include="TileSet.h">
      <Filter>Header Files\Tile Map</Filter>
    </ClInclude>
  </ItemGroup>
  <ItemGroup>
    <Text Include="Enemies\Bat.txt">
      <Filter>Resource Files\Enemies</Filter>
    </Text>
    <Text Include="Enemies\Spider_Bug.txt">
      <Filter>Resource Files\Enemies</Filter>
    </Text>
    <Text Include="Samus_movement\APPEARING.txt">
      <Filter>Resource Files\Samus_movement</Filter>
    </Text>
    <Text Include="Samus_movement\IDLE_AIM_UP_LEFT.txt">
      <Filter>Resource Files\Samus_movement</Filter>
    </Text>
    <Text Include="Samus_movement\IDLE_AIM_UP_RIGHT.txt">
      <Filter>Resource Files\Samus_movement</Filter>
    </Text>
    <Text Include="Samus_movement\JUMP_AIM_UP_LEFT.txt">
      <Filter>Resource Files\Samus_movement</Filter>
    </Text>
    <Text Include="Samus_movement\JUMP_AIM_UP_RIGHT.txt">
      <Filter>Resource Files\Samus_movement</Filter>
    </Text>
    <Text Include="Samus_movement\JUMP_LEFT.txt">
      <Filter>Resource Files\Samus_movement</Filter>
    </Text>
    <Text Include="Samus_movement\JUMP_RIGHT.txt">
      <Filter>Resource Files\Samus_movement</Filter>
    </Text>
    <Text Include="Samus_movement\JUMP_SHOOTING_LEFT.txt">
      <Filter>Resource Files\Samus_movement</Filter>
    </Text>
    <Text Include="Samus_movement\JUMP_SHOOTING_RIGHT.txt">
      <Filter>Resource Files\Samus_movement</Filter>
    </Text>
    <Text Include="Samus_movement\JUMP_SHOOTING_UP_LEFT.txt">
      <Filter>Resource Files\Samus_movement</Filter>
    </Text>
    <Text Include="Samus_movement\MORPH_BALL_LEFT.txt">
      <Filter>Resource Files\Samus_movement</Filter>
    </Text>
    <Text Include="Samus_movement\MORPH_BALL_RIGHT.txt">
      <Filter>Resource Files\Samus_movement</Filter>
    </Text>
    <Text Include="Samus_movement\RUN_AIM_UP_LEFT.txt">
      <Filter>Resource Files\Samus_movement</Filter>
    </Text>
    <Text Include="Samus_movement\RUN_AIM_UP_RIGHT.txt">
      <Filter>Resource Files\Samus_movement</Filter>
    </Text>
    <Text Include="Samus_movement\RUN_SHOOTING_LEFT.txt">
      <Filter>Resource Files\Samus_movement</Filter>
    </Text>
    <Text Include="Samus_movement\RUN_SHOOTING_RIGHT.txt">
      <Filter>Resource Files\Samus_movement</Filter>
    </Text>
    <Text Include="Samus_movement\RUNNING_LEFT.txt">
      <Filter>Resource Files\Samus_movement</Filter>
    </Text>
    <Text Include="Samus_movement\RUNNING_RIGHT.txt">
      <Filter>Resource Files\Samus_movement</Filter>
    </Text>
    <Text Include="Samus_movement\SOMERSAULT_LEFT.txt">
      <Filter>Resource Files\Samus_movement</Filter>
    </Text>
    <Text Include="Samus_movement\SOMERSAULT_RIGHT.txt">
      <Filter>Resource Files\Samus_movement</Filter>
    </Text>
    <Text Include="Samus_movement\STANDING_LEFT.txt">
      <Filter>Resource Files\Samus_movement</Filter>
    </Text>
    <Text Include="Samus_movement\STANDING_RIGHT.txt">
      <Filter>Resource Files\Samus_movement</Filter>
    </Text>
    <Text Include="bullet.txt">
      <Filter>Resource Files\Scene_Stuff</Filter>
    </Text>
    <Text Include="Map\map_matrix.txt">
      <Filter>Resource Files\Map</Filter>
    </Text>
    <Text Include="Map\map_quadtree.txt">
      <Filter>Resource Files\Quadtree</Filter>
    </Text>
  </ItemGroup>
  <ItemGroup>
    <Media Include="Audio\Brinstar.wav">
      <Filter>Resource Files\Audio</Filter>
    </Media>
    <Media Include="Audio\Enter_Samus.wav">
      <Filter>Resource Files\Audio</Filter>
    </Media>
    <Media Include="Audio\Power_Up.wav">
      <Filter>Resource Files\Audio</Filter>
    </Media>
    <Media Include="Audio\Register_Sound.wav">
      <Filter>Resource Files\Audio</Filter>
    </Media>
  </ItemGroup>
</Project>